// !$*UTF8*$!
{
	archiveVersion = 1;
	classes = {
	};
	objectVersion = 50;
	objects = {

/* Begin PBXBuildFile section */
		BB2CB45421F014E200244624 /* AppDelegate.swift in Sources */ = {isa = PBXBuildFile; fileRef = BB2CB45321F014E200244624 /* AppDelegate.swift */; };
		BB2CB45621F014E200244624 /* ViewController.swift in Sources */ = {isa = PBXBuildFile; fileRef = BB2CB45521F014E200244624 /* ViewController.swift */; };
		BB2CB45921F014E200244624 /* Main.storyboard in Resources */ = {isa = PBXBuildFile; fileRef = BB2CB45721F014E200244624 /* Main.storyboard */; };
		BB2CB45B21F014E300244624 /* Assets.xcassets in Resources */ = {isa = PBXBuildFile; fileRef = BB2CB45A21F014E300244624 /* Assets.xcassets */; };
		BB2CB45E21F014E300244624 /* LaunchScreen.storyboard in Resources */ = {isa = PBXBuildFile; fileRef = BB2CB45C21F014E300244624 /* LaunchScreen.storyboard */; };
		BB2CB46921F014E300244624 /* ___Tests.swift in Sources */ = {isa = PBXBuildFile; fileRef = BB2CB46821F014E300244624 /* ___Tests.swift */; };
		BB2CB47421F014E300244624 /* ___UITests.swift in Sources */ = {isa = PBXBuildFile; fileRef = BB2CB47321F014E300244624 /* ___UITests.swift */; };
		BB2CB48221F0150300244624 /* SnakeView.swift in Sources */ = {isa = PBXBuildFile; fileRef = BB2CB48121F0150300244624 /* SnakeView.swift */; };
		BB652672221E97E5008BFD58 /* eat_food.mp3 in Resources */ = {isa = PBXBuildFile; fileRef = BB652670221E97E5008BFD58 /* eat_food.mp3 */; };
		BB652675221EA0BF008BFD58 /* Music.swift in Sources */ = {isa = PBXBuildFile; fileRef = BB652674221EA0BF008BFD58 /* Music.swift */; };
		BB652677221EA826008BFD58 /* direction.mp3 in Resources */ = {isa = PBXBuildFile; fileRef = BB652676221EA826008BFD58 /* direction.mp3 */; };
		BB652679221EA847008BFD58 /* bgm.mp3 in Resources */ = {isa = PBXBuildFile; fileRef = BB652678221EA847008BFD58 /* bgm.mp3 */; };
		BB65267B221EA84E008BFD58 /* dead.mp3 in Resources */ = {isa = PBXBuildFile; fileRef = BB65267A221EA84E008BFD58 /* dead.mp3 */; };
		BBEDC9C3221F90DF002FD6FC /* Score.swift in Sources */ = {isa = PBXBuildFile; fileRef = BBEDC9C2221F90DF002FD6FC /* Score.swift */; };
		BBEDC9C5221F90E9002FD6FC /* Speed.swift in Sources */ = {isa = PBXBuildFile; fileRef = BBEDC9C4221F90E9002FD6FC /* Speed.swift */; };
		BBEDC9CD221FC69D002FD6FC /* ScoreView.swift in Sources */ = {isa = PBXBuildFile; fileRef = BBEDC9CC221FC69D002FD6FC /* ScoreView.swift */; };
		BBEDC9CF221FC6AF002FD6FC /* ScoreView.xib in Resources */ = {isa = PBXBuildFile; fileRef = BBEDC9CE221FC6AF002FD6FC /* ScoreView.xib */; };
		BBEDC9D1221FD0F8002FD6FC /* Protocol.swift in Sources */ = {isa = PBXBuildFile; fileRef = BBEDC9D0221FD0F8002FD6FC /* Protocol.swift */; };
/* End PBXBuildFile section */

/* Begin PBXContainerItemProxy section */
		BB2CB46521F014E300244624 /* PBXContainerItemProxy */ = {
			isa = PBXContainerItemProxy;
			containerPortal = BB2CB44821F014E200244624 /* Project object */;
			proxyType = 1;
			remoteGlobalIDString = BB2CB44F21F014E200244624;
			remoteInfo = "贪吃蛇";
		};
		BB2CB47021F014E300244624 /* PBXContainerItemProxy */ = {
			isa = PBXContainerItemProxy;
			containerPortal = BB2CB44821F014E200244624 /* Project object */;
			proxyType = 1;
			remoteGlobalIDString = BB2CB44F21F014E200244624;
			remoteInfo = "贪吃蛇";
		};
/* End PBXContainerItemProxy section */

/* Begin PBXFileReference section */
		BB2CB45021F014E200244624 /* 贪吃蛇.app */ = {isa = PBXFileReference; explicitFileType = wrapper.application; includeInIndex = 0; path = "贪吃蛇.app"; sourceTree = BUILT_PRODUCTS_DIR; };
		BB2CB45321F014E200244624 /* AppDelegate.swift */ = {isa = PBXFileReference; lastKnownFileType = sourcecode.swift; path = AppDelegate.swift; sourceTree = "<group>"; };
		BB2CB45521F014E200244624 /* ViewController.swift */ = {isa = PBXFileReference; lastKnownFileType = sourcecode.swift; path = ViewController.swift; sourceTree = "<group>"; };
		BB2CB45821F014E200244624 /* Base */ = {isa = PBXFileReference; lastKnownFileType = file.storyboard; name = Base; path = Base.lproj/Main.storyboard; sourceTree = "<group>"; };
		BB2CB45A21F014E300244624 /* Assets.xcassets */ = {isa = PBXFileReference; lastKnownFileType = folder.assetcatalog; path = Assets.xcassets; sourceTree = "<group>"; };
		BB2CB45D21F014E300244624 /* Base */ = {isa = PBXFileReference; lastKnownFileType = file.storyboard; name = Base; path = Base.lproj/LaunchScreen.storyboard; sourceTree = "<group>"; };
		BB2CB45F21F014E300244624 /* Info.plist */ = {isa = PBXFileReference; lastKnownFileType = text.plist.xml; path = Info.plist; sourceTree = "<group>"; };
		BB2CB46421F014E300244624 /* 贪吃蛇Tests.xctest */ = {isa = PBXFileReference; explicitFileType = wrapper.cfbundle; includeInIndex = 0; path = "贪吃蛇Tests.xctest"; sourceTree = BUILT_PRODUCTS_DIR; };
		BB2CB46821F014E300244624 /* ___Tests.swift */ = {isa = PBXFileReference; lastKnownFileType = sourcecode.swift; path = "___Tests.swift"; sourceTree = "<group>"; };
		BB2CB46A21F014E300244624 /* Info.plist */ = {isa = PBXFileReference; lastKnownFileType = text.plist.xml; path = Info.plist; sourceTree = "<group>"; };
		BB2CB46F21F014E300244624 /* 贪吃蛇UITests.xctest */ = {isa = PBXFileReference; explicitFileType = wrapper.cfbundle; includeInIndex = 0; path = "贪吃蛇UITests.xctest"; sourceTree = BUILT_PRODUCTS_DIR; };
		BB2CB47321F014E300244624 /* ___UITests.swift */ = {isa = PBXFileReference; lastKnownFileType = sourcecode.swift; path = "___UITests.swift"; sourceTree = "<group>"; };
		BB2CB47521F014E300244624 /* Info.plist */ = {isa = PBXFileReference; lastKnownFileType = text.plist.xml; path = Info.plist; sourceTree = "<group>"; };
		BB2CB48121F0150300244624 /* SnakeView.swift */ = {isa = PBXFileReference; lastKnownFileType = sourcecode.swift; path = SnakeView.swift; sourceTree = "<group>"; };
		BB652670221E97E5008BFD58 /* eat_food.mp3 */ = {isa = PBXFileReference; lastKnownFileType = audio.mp3; path = eat_food.mp3; sourceTree = "<group>"; };
		BB652674221EA0BF008BFD58 /* Music.swift */ = {isa = PBXFileReference; lastKnownFileType = sourcecode.swift; path = Music.swift; sourceTree = "<group>"; };
		BB652676221EA826008BFD58 /* direction.mp3 */ = {isa = PBXFileReference; lastKnownFileType = audio.mp3; path = direction.mp3; sourceTree = "<group>"; };
		BB652678221EA847008BFD58 /* bgm.mp3 */ = {isa = PBXFileReference; lastKnownFileType = audio.mp3; path = bgm.mp3; sourceTree = "<group>"; };
		BB65267A221EA84E008BFD58 /* dead.mp3 */ = {isa = PBXFileReference; lastKnownFileType = audio.mp3; path = dead.mp3; sourceTree = "<group>"; };
		BBEDC9C2221F90DF002FD6FC /* Score.swift */ = {isa = PBXFileReference; lastKnownFileType = sourcecode.swift; path = Score.swift; sourceTree = "<group>"; };
		BBEDC9C4221F90E9002FD6FC /* Speed.swift */ = {isa = PBXFileReference; lastKnownFileType = sourcecode.swift; path = Speed.swift; sourceTree = "<group>"; };
		BBEDC9CC221FC69D002FD6FC /* ScoreView.swift */ = {isa = PBXFileReference; lastKnownFileType = sourcecode.swift; path = ScoreView.swift; sourceTree = "<group>"; };
		BBEDC9CE221FC6AF002FD6FC /* ScoreView.xib */ = {isa = PBXFileReference; lastKnownFileType = file.xib; path = ScoreView.xib; sourceTree = "<group>"; };
		BBEDC9D0221FD0F8002FD6FC /* Protocol.swift */ = {isa = PBXFileReference; lastKnownFileType = sourcecode.swift; path = Protocol.swift; sourceTree = "<group>"; };
/* End PBXFileReference section */

/* Begin PBXFrameworksBuildPhase section */
		BB2CB44D21F014E200244624 /* Frameworks */ = {
			isa = PBXFrameworksBuildPhase;
			buildActionMask = 2147483647;
			files = (
			);
			runOnlyForDeploymentPostprocessing = 0;
		};
		BB2CB46121F014E300244624 /* Frameworks */ = {
			isa = PBXFrameworksBuildPhase;
			buildActionMask = 2147483647;
			files = (
			);
			runOnlyForDeploymentPostprocessing = 0;
		};
		BB2CB46C21F014E300244624 /* Frameworks */ = {
			isa = PBXFrameworksBuildPhase;
			buildActionMask = 2147483647;
			files = (
			);
			runOnlyForDeploymentPostprocessing = 0;
		};
/* End PBXFrameworksBuildPhase section */

/* Begin PBXGroup section */
		BB2CB44721F014E200244624 = {
			isa = PBXGroup;
			children = (
				BB2CB45221F014E200244624 /* 贪吃蛇 */,
				BB2CB46721F014E300244624 /* 贪吃蛇Tests */,
				BB2CB47221F014E300244624 /* 贪吃蛇UITests */,
				BB2CB45121F014E200244624 /* Products */,
			);
			sourceTree = "<group>";
		};
		BB2CB45121F014E200244624 /* Products */ = {
			isa = PBXGroup;
			children = (
				BB2CB45021F014E200244624 /* 贪吃蛇.app */,
				BB2CB46421F014E300244624 /* 贪吃蛇Tests.xctest */,
				BB2CB46F21F014E300244624 /* 贪吃蛇UITests.xctest */,
			);
			name = Products;
			sourceTree = "<group>";
		};
		BB2CB45221F014E200244624 /* 贪吃蛇 */ = {
			isa = PBXGroup;
			children = (
				BBEDC9C9221F9158002FD6FC /* View */,
				BBEDC9C8221F9137002FD6FC /* GameControl */,
				BBEDC9C7221F912C002FD6FC /* Main */,
				BBEDC9C6221F911B002FD6FC /* ViewController */,
				BB65266E221E97CC008BFD58 /* resources */,
				BB2CB45721F014E200244624 /* Main.storyboard */,
				BB2CB45A21F014E300244624 /* Assets.xcassets */,
				BB2CB45C21F014E300244624 /* LaunchScreen.storyboard */,
				BB2CB45F21F014E300244624 /* Info.plist */,
			);
			path = "贪吃蛇";
			sourceTree = "<group>";
		};
		BB2CB46721F014E300244624 /* 贪吃蛇Tests */ = {
			isa = PBXGroup;
			children = (
				BB2CB46821F014E300244624 /* ___Tests.swift */,
				BB2CB46A21F014E300244624 /* Info.plist */,
			);
			path = "贪吃蛇Tests";
			sourceTree = "<group>";
		};
		BB2CB47221F014E300244624 /* 贪吃蛇UITests */ = {
			isa = PBXGroup;
			children = (
				BB2CB47321F014E300244624 /* ___UITests.swift */,
				BB2CB47521F014E300244624 /* Info.plist */,
			);
			path = "贪吃蛇UITests";
			sourceTree = "<group>";
		};
		BB65266E221E97CC008BFD58 /* resources */ = {
			isa = PBXGroup;
			children = (
				BB652676221EA826008BFD58 /* direction.mp3 */,
				BB652670221E97E5008BFD58 /* eat_food.mp3 */,
				BB65267A221EA84E008BFD58 /* dead.mp3 */,
				BB652678221EA847008BFD58 /* bgm.mp3 */,
			);
			path = resources;
			sourceTree = "<group>";
		};
		BBEDC9C6221F911B002FD6FC /* ViewController */ = {
			isa = PBXGroup;
			children = (
				BB2CB45521F014E200244624 /* ViewController.swift */,
			);
			path = ViewController;
			sourceTree = "<group>";
		};
		BBEDC9C7221F912C002FD6FC /* Main */ = {
			isa = PBXGroup;
			children = (
				BB2CB45321F014E200244624 /* AppDelegate.swift */,
			);
			path = Main;
			sourceTree = "<group>";
		};
		BBEDC9C8221F9137002FD6FC /* GameControl */ = {
			isa = PBXGroup;
			children = (
				BB652674221EA0BF008BFD58 /* Music.swift */,
				BBEDC9C2221F90DF002FD6FC /* Score.swift */,
				BBEDC9C4221F90E9002FD6FC /* Speed.swift */,
				BBEDC9D0221FD0F8002FD6FC /* Protocol.swift */,
			);
			path = GameControl;
			sourceTree = "<group>";
		};
		BBEDC9C9221F9158002FD6FC /* View */ = {
			isa = PBXGroup;
			children = (
				BB2CB48121F0150300244624 /* SnakeView.swift */,
				BBEDC9CC221FC69D002FD6FC /* ScoreView.swift */,
				BBEDC9CE221FC6AF002FD6FC /* ScoreView.xib */,
			);
			path = View;
			sourceTree = "<group>";
		};
/* End PBXGroup section */

/* Begin PBXNativeTarget section */
		BB2CB44F21F014E200244624 /* 贪吃蛇 */ = {
			isa = PBXNativeTarget;
			buildConfigurationList = BB2CB47821F014E300244624 /* Build configuration list for PBXNativeTarget "贪吃蛇" */;
			buildPhases = (
				BB2CB44C21F014E200244624 /* Sources */,
				BB2CB44D21F014E200244624 /* Frameworks */,
				BB2CB44E21F014E200244624 /* Resources */,
			);
			buildRules = (
			);
			dependencies = (
			);
			name = "贪吃蛇";
			productName = "贪吃蛇";
			productReference = BB2CB45021F014E200244624 /* 贪吃蛇.app */;
			productType = "com.apple.product-type.application";
		};
		BB2CB46321F014E300244624 /* 贪吃蛇Tests */ = {
			isa = PBXNativeTarget;
			buildConfigurationList = BB2CB47B21F014E300244624 /* Build configuration list for PBXNativeTarget "贪吃蛇Tests" */;
			buildPhases = (
				BB2CB46021F014E300244624 /* Sources */,
				BB2CB46121F014E300244624 /* Frameworks */,
				BB2CB46221F014E300244624 /* Resources */,
			);
			buildRules = (
			);
			dependencies = (
				BB2CB46621F014E300244624 /* PBXTargetDependency */,
			);
			name = "贪吃蛇Tests";
			productName = "贪吃蛇Tests";
			productReference = BB2CB46421F014E300244624 /* 贪吃蛇Tests.xctest */;
			productType = "com.apple.product-type.bundle.unit-test";
		};
		BB2CB46E21F014E300244624 /* 贪吃蛇UITests */ = {
			isa = PBXNativeTarget;
			buildConfigurationList = BB2CB47E21F014E300244624 /* Build configuration list for PBXNativeTarget "贪吃蛇UITests" */;
			buildPhases = (
				BB2CB46B21F014E300244624 /* Sources */,
				BB2CB46C21F014E300244624 /* Frameworks */,
				BB2CB46D21F014E300244624 /* Resources */,
			);
			buildRules = (
			);
			dependencies = (
				BB2CB47121F014E300244624 /* PBXTargetDependency */,
			);
			name = "贪吃蛇UITests";
			productName = "贪吃蛇UITests";
			productReference = BB2CB46F21F014E300244624 /* 贪吃蛇UITests.xctest */;
			productType = "com.apple.product-type.bundle.ui-testing";
		};
/* End PBXNativeTarget section */

/* Begin PBXProject section */
		BB2CB44821F014E200244624 /* Project object */ = {
			isa = PBXProject;
			attributes = {
				LastSwiftUpdateCheck = 1010;
				LastUpgradeCheck = 1010;
				ORGANIZATIONNAME = targeter;
				TargetAttributes = {
					BB2CB44F21F014E200244624 = {
						CreatedOnToolsVersion = 10.1;
					};
					BB2CB46321F014E300244624 = {
						CreatedOnToolsVersion = 10.1;
						TestTargetID = BB2CB44F21F014E200244624;
					};
					BB2CB46E21F014E300244624 = {
						CreatedOnToolsVersion = 10.1;
						TestTargetID = BB2CB44F21F014E200244624;
					};
				};
			};
			buildConfigurationList = BB2CB44B21F014E200244624 /* Build configuration list for PBXProject "贪吃蛇" */;
			compatibilityVersion = "Xcode 9.3";
			developmentRegion = en;
			hasScannedForEncodings = 0;
			knownRegions = (
				en,
				Base,
			);
			mainGroup = BB2CB44721F014E200244624;
			productRefGroup = BB2CB45121F014E200244624 /* Products */;
			projectDirPath = "";
			projectRoot = "";
			targets = (
				BB2CB44F21F014E200244624 /* 贪吃蛇 */,
				BB2CB46321F014E300244624 /* 贪吃蛇Tests */,
				BB2CB46E21F014E300244624 /* 贪吃蛇UITests */,
			);
		};
/* End PBXProject section */

/* Begin PBXResourcesBuildPhase section */
		BB2CB44E21F014E200244624 /* Resources */ = {
			isa = PBXResourcesBuildPhase;
			buildActionMask = 2147483647;
			files = (
				BB2CB45E21F014E300244624 /* LaunchScreen.storyboard in Resources */,
				BB2CB45B21F014E300244624 /* Assets.xcassets in Resources */,
				BB65267B221EA84E008BFD58 /* dead.mp3 in Resources */,
				BB652677221EA826008BFD58 /* direction.mp3 in Resources */,
				BB652679221EA847008BFD58 /* bgm.mp3 in Resources */,
				BBEDC9CF221FC6AF002FD6FC /* ScoreView.xib in Resources */,
				BB652672221E97E5008BFD58 /* eat_food.mp3 in Resources */,
				BB2CB45921F014E200244624 /* Main.storyboard in Resources */,
			);
			runOnlyForDeploymentPostprocessing = 0;
		};
		BB2CB46221F014E300244624 /* Resources */ = {
			isa = PBXResourcesBuildPhase;
			buildActionMask = 2147483647;
			files = (
			);
			runOnlyForDeploymentPostprocessing = 0;
		};
		BB2CB46D21F014E300244624 /* Resources */ = {
			isa = PBXResourcesBuildPhase;
			buildActionMask = 2147483647;
			files = (
			);
			runOnlyForDeploymentPostprocessing = 0;
		};
/* End PBXResourcesBuildPhase section */

/* Begin PBXSourcesBuildPhase section */
		BB2CB44C21F014E200244624 /* Sources */ = {
			isa = PBXSourcesBuildPhase;
			buildActionMask = 2147483647;
			files = (
				BB2CB45621F014E200244624 /* ViewController.swift in Sources */,
				BB2CB45421F014E200244624 /* AppDelegate.swift in Sources */,
				BB2CB48221F0150300244624 /* SnakeView.swift in Sources */,
				BBEDC9D1221FD0F8002FD6FC /* Protocol.swift in Sources */,
				BBEDC9C5221F90E9002FD6FC /* Speed.swift in Sources */,
				BBEDC9CD221FC69D002FD6FC /* ScoreView.swift in Sources */,
				BB652675221EA0BF008BFD58 /* Music.swift in Sources */,
				BBEDC9C3221F90DF002FD6FC /* Score.swift in Sources */,
			);
			runOnlyForDeploymentPostprocessing = 0;
		};
		BB2CB46021F014E300244624 /* Sources */ = {
			isa = PBXSourcesBuildPhase;
			buildActionMask = 2147483647;
			files = (
				BB2CB46921F014E300244624 /* ___Tests.swift in Sources */,
			);
			runOnlyForDeploymentPostprocessing = 0;
		};
		BB2CB46B21F014E300244624 /* Sources */ = {
			isa = PBXSourcesBuildPhase;
			buildActionMask = 2147483647;
			files = (
				BB2CB47421F014E300244624 /* ___UITests.swift in Sources */,
			);
			runOnlyForDeploymentPostprocessing = 0;
		};
/* End PBXSourcesBuildPhase section */

/* Begin PBXTargetDependency section */
		BB2CB46621F014E300244624 /* PBXTargetDependency */ = {
			isa = PBXTargetDependency;
			target = BB2CB44F21F014E200244624 /* 贪吃蛇 */;
			targetProxy = BB2CB46521F014E300244624 /* PBXContainerItemProxy */;
		};
		BB2CB47121F014E300244624 /* PBXTargetDependency */ = {
			isa = PBXTargetDependency;
			target = BB2CB44F21F014E200244624 /* 贪吃蛇 */;
			targetProxy = BB2CB47021F014E300244624 /* PBXContainerItemProxy */;
		};
/* End PBXTargetDependency section */

/* Begin PBXVariantGroup section */
		BB2CB45721F014E200244624 /* Main.storyboard */ = {
			isa = PBXVariantGroup;
			children = (
				BB2CB45821F014E200244624 /* Base */,
			);
			name = Main.storyboard;
			sourceTree = "<group>";
		};
		BB2CB45C21F014E300244624 /* LaunchScreen.storyboard */ = {
			isa = PBXVariantGroup;
			children = (
				BB2CB45D21F014E300244624 /* Base */,
			);
			name = LaunchScreen.storyboard;
			sourceTree = "<group>";
		};
/* End PBXVariantGroup section */

/* Begin XCBuildConfiguration section */
		BB2CB47621F014E300244624 /* Debug */ = {
			isa = XCBuildConfiguration;
			buildSettings = {
				ALWAYS_SEARCH_USER_PATHS = NO;
				CLANG_ANALYZER_NONNULL = YES;
				CLANG_ANALYZER_NUMBER_OBJECT_CONVERSION = YES_AGGRESSIVE;
				CLANG_CXX_LANGUAGE_STANDARD = "gnu++14";
				CLANG_CXX_LIBRARY = "libc++";
				CLANG_ENABLE_MODULES = YES;
				CLANG_ENABLE_OBJC_ARC = YES;
				CLANG_ENABLE_OBJC_WEAK = YES;
				CLANG_WARN_BLOCK_CAPTURE_AUTORELEASING = YES;
				CLANG_WARN_BOOL_CONVERSION = YES;
				CLANG_WARN_COMMA = YES;
				CLANG_WARN_CONSTANT_CONVERSION = YES;
				CLANG_WARN_DEPRECATED_OBJC_IMPLEMENTATIONS = YES;
				CLANG_WARN_DIRECT_OBJC_ISA_USAGE = YES_ERROR;
				CLANG_WARN_DOCUMENTATION_COMMENTS = YES;
				CLANG_WARN_EMPTY_BODY = YES;
				CLANG_WARN_ENUM_CONVERSION = YES;
				CLANG_WARN_INFINITE_RECURSION = YES;
				CLANG_WARN_INT_CONVERSION = YES;
				CLANG_WARN_NON_LITERAL_NULL_CONVERSION = YES;
				CLANG_WARN_OBJC_IMPLICIT_RETAIN_SELF = YES;
				CLANG_WARN_OBJC_LITERAL_CONVERSION = YES;
				CLANG_WARN_OBJC_ROOT_CLASS = YES_ERROR;
				CLANG_WARN_RANGE_LOOP_ANALYSIS = YES;
				CLANG_WARN_STRICT_PROTOTYPES = YES;
				CLANG_WARN_SUSPICIOUS_MOVE = YES;
				CLANG_WARN_UNGUARDED_AVAILABILITY = YES_AGGRESSIVE;
				CLANG_WARN_UNREACHABLE_CODE = YES;
				CLANG_WARN__DUPLICATE_METHOD_MATCH = YES;
				CODE_SIGN_IDENTITY = "iPhone Developer";
				COPY_PHASE_STRIP = NO;
				DEBUG_INFORMATION_FORMAT = dwarf;
				ENABLE_STRICT_OBJC_MSGSEND = YES;
				ENABLE_TESTABILITY = YES;
				GCC_C_LANGUAGE_STANDARD = gnu11;
				GCC_DYNAMIC_NO_PIC = NO;
				GCC_NO_COMMON_BLOCKS = YES;
				GCC_OPTIMIZATION_LEVEL = 0;
				GCC_PREPROCESSOR_DEFINITIONS = (
					"DEBUG=1",
					"$(inherited)",
				);
				GCC_WARN_64_TO_32_BIT_CONVERSION = YES;
				GCC_WARN_ABOUT_RETURN_TYPE = YES_ERROR;
				GCC_WARN_UNDECLARED_SELECTOR = YES;
				GCC_WARN_UNINITIALIZED_AUTOS = YES_AGGRESSIVE;
				GCC_WARN_UNUSED_FUNCTION = YES;
				GCC_WARN_UNUSED_VARIABLE = YES;
				IPHONEOS_DEPLOYMENT_TARGET = 12.1;
				MTL_ENABLE_DEBUG_INFO = INCLUDE_SOURCE;
				MTL_FAST_MATH = YES;
				ONLY_ACTIVE_ARCH = YES;
				SDKROOT = iphoneos;
				SWIFT_ACTIVE_COMPILATION_CONDITIONS = DEBUG;
				SWIFT_OPTIMIZATION_LEVEL = "-Onone";
			};
			name = Debug;
		};
		BB2CB47721F014E300244624 /* Release */ = {
			isa = XCBuildConfiguration;
			buildSettings = {
				ALWAYS_SEARCH_USER_PATHS = NO;
				CLANG_ANALYZER_NONNULL = YES;
				CLANG_ANALYZER_NUMBER_OBJECT_CONVERSION = YES_AGGRESSIVE;
				CLANG_CXX_LANGUAGE_STANDARD = "gnu++14";
				CLANG_CXX_LIBRARY = "libc++";
				CLANG_ENABLE_MODULES = YES;
				CLANG_ENABLE_OBJC_ARC = YES;
				CLANG_ENABLE_OBJC_WEAK = YES;
				CLANG_WARN_BLOCK_CAPTURE_AUTORELEASING = YES;
				CLANG_WARN_BOOL_CONVERSION = YES;
				CLANG_WARN_COMMA = YES;
				CLANG_WARN_CONSTANT_CONVERSION = YES;
				CLANG_WARN_DEPRECATED_OBJC_IMPLEMENTATIONS = YES;
				CLANG_WARN_DIRECT_OBJC_ISA_USAGE = YES_ERROR;
				CLANG_WARN_DOCUMENTATION_COMMENTS = YES;
				CLANG_WARN_EMPTY_BODY = YES;
				CLANG_WARN_ENUM_CONVERSION = YES;
				CLANG_WARN_INFINITE_RECURSION = YES;
				CLANG_WARN_INT_CONVERSION = YES;
				CLANG_WARN_NON_LITERAL_NULL_CONVERSION = YES;
				CLANG_WARN_OBJC_IMPLICIT_RETAIN_SELF = YES;
				CLANG_WARN_OBJC_LITERAL_CONVERSION = YES;
				CLANG_WARN_OBJC_ROOT_CLASS = YES_ERROR;
				CLANG_WARN_RANGE_LOOP_ANALYSIS = YES;
				CLANG_WARN_STRICT_PROTOTYPES = YES;
				CLANG_WARN_SUSPICIOUS_MOVE = YES;
				CLANG_WARN_UNGUARDED_AVAILABILITY = YES_AGGRESSIVE;
				CLANG_WARN_UNREACHABLE_CODE = YES;
				CLANG_WARN__DUPLICATE_METHOD_MATCH = YES;
				CODE_SIGN_IDENTITY = "iPhone Developer";
				COPY_PHASE_STRIP = NO;
				DEBUG_INFORMATION_FORMAT = "dwarf-with-dsym";
				ENABLE_NS_ASSERTIONS = NO;
				ENABLE_STRICT_OBJC_MSGSEND = YES;
				GCC_C_LANGUAGE_STANDARD = gnu11;
				GCC_NO_COMMON_BLOCKS = YES;
				GCC_WARN_64_TO_32_BIT_CONVERSION = YES;
				GCC_WARN_ABOUT_RETURN_TYPE = YES_ERROR;
				GCC_WARN_UNDECLARED_SELECTOR = YES;
				GCC_WARN_UNINITIALIZED_AUTOS = YES_AGGRESSIVE;
				GCC_WARN_UNUSED_FUNCTION = YES;
				GCC_WARN_UNUSED_VARIABLE = YES;
				IPHONEOS_DEPLOYMENT_TARGET = 12.1;
				MTL_ENABLE_DEBUG_INFO = NO;
				MTL_FAST_MATH = YES;
				SDKROOT = iphoneos;
				SWIFT_COMPILATION_MODE = wholemodule;
				SWIFT_OPTIMIZATION_LEVEL = "-O";
				VALIDATE_PRODUCT = YES;
			};
			name = Release;
		};
		BB2CB47921F014E300244624 /* Debug */ = {
			isa = XCBuildConfiguration;
			buildSettings = {
				ASSETCATALOG_COMPILER_APPICON_NAME = AppIcon;
				CODE_SIGN_STYLE = Automatic;
				DEVELOPMENT_TEAM = J5E8U6K8X2;
				INFOPLIST_FILE = "贪吃蛇/Info.plist";
				IPHONEOS_DEPLOYMENT_TARGET = 9.1;
				LD_RUNPATH_SEARCH_PATHS = (
					"$(inherited)",
					"@executable_path/Frameworks",
				);
				PRODUCT_BUNDLE_IDENTIFIER = greedsnake;
				PRODUCT_NAME = "$(TARGET_NAME)";
				SWIFT_VERSION = 4.2;
				TARGETED_DEVICE_FAMILY = "1,2";
			};
			name = Debug;
		};
		BB2CB47A21F014E300244624 /* Release */ = {
			isa = XCBuildConfiguration;
			buildSettings = {
				ASSETCATALOG_COMPILER_APPICON_NAME = AppIcon;
				CODE_SIGN_STYLE = Automatic;
				DEVELOPMENT_TEAM = J5E8U6K8X2;
				INFOPLIST_FILE = "贪吃蛇/Info.plist";
				IPHONEOS_DEPLOYMENT_TARGET = 9.1;
				LD_RUNPATH_SEARCH_PATHS = (
					"$(inherited)",
					"@executable_path/Frameworks",
				);
				PRODUCT_BUNDLE_IDENTIFIER = greedsnake;
				PRODUCT_NAME = "$(TARGET_NAME)";
				SWIFT_VERSION = 4.2;
				TARGETED_DEVICE_FAMILY = "1,2";
			};
			name = Release;
		};
		BB2CB47C21F014E300244624 /* Debug */ = {
			isa = XCBuildConfiguration;
			buildSettings = {
				ALWAYS_EMBED_SWIFT_STANDARD_LIBRARIES = YES;
				BUNDLE_LOADER = "$(TEST_HOST)";
				CODE_SIGN_STYLE = Automatic;
				INFOPLIST_FILE = "贪吃蛇Tests/Info.plist";
				LD_RUNPATH_SEARCH_PATHS = (
					"$(inherited)",
					"@executable_path/Frameworks",
					"@loader_path/Frameworks",
				);
				PRODUCT_BUNDLE_IDENTIFIER = "file.---Tests";
				PRODUCT_NAME = "$(TARGET_NAME)";
				SWIFT_VERSION = 4.2;
				TARGETED_DEVICE_FAMILY = "1,2";
				TEST_HOST = "$(BUILT_PRODUCTS_DIR)/贪吃蛇.app/贪吃蛇";
			};
			name = Debug;
		};
		BB2CB47D21F014E300244624 /* Release */ = {
			isa = XCBuildConfiguration;
			buildSettings = {
				ALWAYS_EMBED_SWIFT_STANDARD_LIBRARIES = YES;
				BUNDLE_LOADER = "$(TEST_HOST)";
				CODE_SIGN_STYLE = Automatic;
				INFOPLIST_FILE = "贪吃蛇Tests/Info.plist";
				LD_RUNPATH_SEARCH_PATHS = (
					"$(inherited)",
					"@executable_path/Frameworks",
					"@loader_path/Frameworks",
				);
				PRODUCT_BUNDLE_IDENTIFIER = "file.---Tests";
				PRODUCT_NAME = "$(TARGET_NAME)";
				SWIFT_VERSION = 4.2;
				TARGETED_DEVICE_FAMILY = "1,2";
				TEST_HOST = "$(BUILT_PRODUCTS_DIR)/贪吃蛇.app/贪吃蛇";
			};
			name = Release;
		};
		BB2CB47F21F014E300244624 /* Debug */ = {
			isa = XCBuildConfiguration;
			buildSettings = {
				ALWAYS_EMBED_SWIFT_STANDARD_LIBRARIES = YES;
				CODE_SIGN_STYLE = Automatic;
				INFOPLIST_FILE = "贪吃蛇UITests/Info.plist";
				LD_RUNPATH_SEARCH_PATHS = (
					"$(inherited)",
					"@executable_path/Frameworks",
					"@loader_path/Frameworks",
				);
				PRODUCT_BUNDLE_IDENTIFIER = "file.---UITests";
				PRODUCT_NAME = "$(TARGET_NAME)";
				SWIFT_VERSION = 4.2;
				TARGETED_DEVICE_FAMILY = "1,2";
				TEST_TARGET_NAME = "贪吃蛇";
			};
			name = Debug;
		};
		BB2CB48021F014E300244624 /* Release */ = {
			isa = XCBuildConfiguration;
			buildSettings = {
				ALWAYS_EMBED_SWIFT_STANDARD_LIBRARIES = YES;
				CODE_SIGN_STYLE = Automatic;
				INFOPLIST_FILE = "贪吃蛇UITests/Info.plist";
				LD_RUNPATH_SEARCH_PATHS = (
					"$(inherited)",
					"@executable_path/Frameworks",
					"@loader_path/Frameworks",
				);
				PRODUCT_BUNDLE_IDENTIFIER = "file.---UITests";
				PRODUCT_NAME = "$(TARGET_NAME)";
				SWIFT_VERSION = 4.2;
				TARGETED_DEVICE_FAMILY = "1,2";
				TEST_TARGET_NAME = "贪吃蛇";
			};
			name = Release;
		};
/* End XCBuildConfiguration section */

/* Begin XCConfigurationList section */
		BB2CB44B21F014E200244624 /* Build configuration list for PBXProject "贪吃蛇" */ = {
			isa = XCConfigurationList;
			buildConfigurations = (
				BB2CB47621F014E300244624 /* Debug */,
				BB2CB47721F014E300244624 /* Release */,
			);
			defaultConfigurationIsVisible = 0;
			defaultConfigurationName = Release;
		};
		BB2CB47821F014E300244624 /* Build configuration list for PBXNativeTarget "贪吃蛇" */ = {
			isa = XCConfigurationList;
			buildConfigurations = (
				BB2CB47921F014E300244624 /* Debug */,
				BB2CB47A21F014E300244624 /* Release */,
			);
			defaultConfigurationIsVisible = 0;
			defaultConfigurationName = Release;
		};
		BB2CB47B21F014E300244624 /* Build configuration list for PBXNativeTarget "贪吃蛇Tests" */ = {
			isa = XCConfigurationList;
			buildConfigurations = (
				BB2CB47C21F014E300244624 /* Debug */,
				BB2CB47D21F014E300244624 /* Release */,
			);
			defaultConfigurationIsVisible = 0;
			defaultConfigurationName = Release;
		};
		BB2CB47E21F014E300244624 /* Build configuration list for PBXNativeTarget "贪吃蛇UITests" */ = {
			isa = XCConfigurationList;
			buildConfigurations = (
				BB2CB47F21F014E300244624 /* Debug */,
				BB2CB48021F014E300244624 /* Release */,
			);
			defaultConfigurationIsVisible = 0;
			defaultConfigurationName = Release;
		};
/* End XCConfigurationList section */
	};
	rootObject = BB2CB44821F014E200244624 /* Project object */;
}
